
Microsoft Visual Studio Solution File, Format Version 12.00
# Visual Studio Version 17
VisualStudioVersion = 17.2.32616.157
MinimumVisualStudioVersion = 10.0.40219.1
Project("{9A19103F-16F7-4668-BE54-9A1E7A4F7556}") = "HelixRenderer", "HelixRenderer\HelixRenderer.csproj", "{2A2375BB-CB51-423C-9C24-DE5F396FE2AA}"
EndProject
Global
	GlobalSection(SolutionConfigurationPlatforms) = preSolution
		Debug|Any CPU = Debug|Any CPU
		Release|Any CPU = Release|Any CPU
	EndGlobalSection
	GlobalSection(ProjectConfigurationPlatforms) = postSolution
		{2A2375BB-CB51-423C-9C24-DE5F396FE2AA}.Debug|Any CPU.ActiveCfg = Debug|Any CPU
		{2A2375BB-CB51-423C-9C24-DE5F396FE2AA}.Debug|Any CPU.Build.0 = Debug|Any CPU
		{2A2375BB-CB51-423C-9C24-DE5F396FE2AA}.Release|Any CPU.ActiveCfg = Release|Any CPU
		{2A2375BB-CB51-423C-9C24-DE5F396FE2AA}.Release|Any CPU.Build.0 = Release|Any CPU
	EndGlobalSection
	GlobalSection(SolutionProperties) = preSolution
		HideSolutionNode = FALSE
	EndGlobalSection
	GlobalSection(ExtensibilityGlobals) = postSolution
		SolutionGuid = {3D7B01C6-AEE2-494E-97B1-7D3608375EBF}
	EndGlobalSection
EndGlobal
